
Microsoft Visual Studio Solution File, Format Version 12.00
# Visual Studio Version 17
VisualStudioVersion = 17.11.35327.3
MinimumVisualStudioVersion = 10.0.40219.1
Project("{FAE04EC0-301F-11D3-BF4B-00C04F79EFBC}") = "task1", "task1\task1.csproj", "{D9BF20B9-7F08-4B1E-907A-701C9C2E4971}"
EndProject
Project("{FAE04EC0-301F-11D3-BF4B-00C04F79EFBC}") = "task2", "task2\task2.csproj", "{5EBB15AB-0BA4-45B8-AE1F-9BEA2A434DEE}"
EndProject
Global
	GlobalSection(SolutionConfigurationPlatforms) = preSolution
		Debug|Any CPU = Debug|Any CPU
		Release|Any CPU = Release|Any CPU
	EndGlobalSection
	GlobalSection(ProjectConfigurationPlatforms) = postSolution
		{D9BF20B9-7F08-4B1E-907A-701C9C2E4971}.Debug|Any CPU.ActiveCfg = Debug|Any CPU
		{D9BF20B9-7F08-4B1E-907A-701C9C2E4971}.Debug|Any CPU.Build.0 = Debug|Any CPU
		{D9BF20B9-7F08-4B1E-907A-701C9C2E4971}.Release|Any CPU.ActiveCfg = Release|Any CPU
		{D9BF20B9-7F08-4B1E-907A-701C9C2E4971}.Release|Any CPU.Build.0 = Release|Any CPU
		{5EBB15AB-0BA4-45B8-AE1F-9BEA2A434DEE}.Debug|Any CPU.ActiveCfg = Debug|Any CPU
		{5EBB15AB-0BA4-45B8-AE1F-9BEA2A434DEE}.Debug|Any CPU.Build.0 = Debug|Any CPU
		{5EBB15AB-0BA4-45B8-AE1F-9BEA2A434DEE}.Release|Any CPU.ActiveCfg = Release|Any CPU
		{5EBB15AB-0BA4-45B8-AE1F-9BEA2A434DEE}.Release|Any CPU.Build.0 = Release|Any CPU
	EndGlobalSection
	GlobalSection(SolutionProperties) = preSolution
		HideSolutionNode = FALSE
	EndGlobalSection
	GlobalSection(ExtensibilityGlobals) = postSolution
		SolutionGuid = {9D5A78D3-1541-4E77-96C3-8DC1A31519C3}
	EndGlobalSection
EndGlobal
