
Microsoft Visual Studio Solution File, Format Version 12.00
# Visual Studio Version 17
VisualStudioVersion = 17.11.35327.3
MinimumVisualStudioVersion = 10.0.40219.1
Project("{FAE04EC0-301F-11D3-BF4B-00C04F79EFBC}") = "task1", "task1\task1.csproj", "{56029447-2679-4A9D-B297-2FE3FCCD6EB6}"
EndProject
Project("{FAE04EC0-301F-11D3-BF4B-00C04F79EFBC}") = "task2", "task2\task2.csproj", "{A5774420-08C5-47E3-AA08-6CAF79B99599}"
EndProject
Global
	GlobalSection(SolutionConfigurationPlatforms) = preSolution
		Debug|Any CPU = Debug|Any CPU
		Release|Any CPU = Release|Any CPU
	EndGlobalSection
	GlobalSection(ProjectConfigurationPlatforms) = postSolution
		{56029447-2679-4A9D-B297-2FE3FCCD6EB6}.Debug|Any CPU.ActiveCfg = Debug|Any CPU
		{56029447-2679-4A9D-B297-2FE3FCCD6EB6}.Debug|Any CPU.Build.0 = Debug|Any CPU
		{56029447-2679-4A9D-B297-2FE3FCCD6EB6}.Release|Any CPU.ActiveCfg = Release|Any CPU
		{56029447-2679-4A9D-B297-2FE3FCCD6EB6}.Release|Any CPU.Build.0 = Release|Any CPU
		{A5774420-08C5-47E3-AA08-6CAF79B99599}.Debug|Any CPU.ActiveCfg = Debug|Any CPU
		{A5774420-08C5-47E3-AA08-6CAF79B99599}.Debug|Any CPU.Build.0 = Debug|Any CPU
		{A5774420-08C5-47E3-AA08-6CAF79B99599}.Release|Any CPU.ActiveCfg = Release|Any CPU
		{A5774420-08C5-47E3-AA08-6CAF79B99599}.Release|Any CPU.Build.0 = Release|Any CPU
	EndGlobalSection
	GlobalSection(SolutionProperties) = preSolution
		HideSolutionNode = FALSE
	EndGlobalSection
	GlobalSection(ExtensibilityGlobals) = postSolution
		SolutionGuid = {8A5B425D-8C9F-4AAE-91C3-EF4E4F880A46}
	EndGlobalSection
EndGlobal
