
Microsoft Visual Studio Solution File, Format Version 12.00
# Visual Studio Version 17
VisualStudioVersion = 17.11.35327.3
MinimumVisualStudioVersion = 10.0.40219.1
Project("{9A19103F-16F7-4668-BE54-9A1E7A4F7556}") = "task1", "task1\task1.csproj", "{53C62455-ABA6-495C-84D0-7B605247658A}"
EndProject
Project("{9A19103F-16F7-4668-BE54-9A1E7A4F7556}") = "task2", "task2\task2.csproj", "{2DB2B2DE-494F-4896-BE55-F36EFFD5A1D5}"
EndProject
Project("{FAE04EC0-301F-11D3-BF4B-00C04F79EFBC}") = "task3", "task3\task3.csproj", "{7070655B-291B-4AFD-8F87-F3635B013C86}"
EndProject
Project("{FAE04EC0-301F-11D3-BF4B-00C04F79EFBC}") = "task4", "task4\task4.csproj", "{515FBBCB-4B32-4611-BAED-36CCA9121799}"
EndProject
Global
	GlobalSection(SolutionConfigurationPlatforms) = preSolution
		Debug|Any CPU = Debug|Any CPU
		Release|Any CPU = Release|Any CPU
	EndGlobalSection
	GlobalSection(ProjectConfigurationPlatforms) = postSolution
		{53C62455-ABA6-495C-84D0-7B605247658A}.Debug|Any CPU.ActiveCfg = Debug|Any CPU
		{53C62455-ABA6-495C-84D0-7B605247658A}.Debug|Any CPU.Build.0 = Debug|Any CPU
		{53C62455-ABA6-495C-84D0-7B605247658A}.Release|Any CPU.ActiveCfg = Release|Any CPU
		{53C62455-ABA6-495C-84D0-7B605247658A}.Release|Any CPU.Build.0 = Release|Any CPU
		{2DB2B2DE-494F-4896-BE55-F36EFFD5A1D5}.Debug|Any CPU.ActiveCfg = Debug|Any CPU
		{2DB2B2DE-494F-4896-BE55-F36EFFD5A1D5}.Debug|Any CPU.Build.0 = Debug|Any CPU
		{2DB2B2DE-494F-4896-BE55-F36EFFD5A1D5}.Release|Any CPU.ActiveCfg = Release|Any CPU
		{2DB2B2DE-494F-4896-BE55-F36EFFD5A1D5}.Release|Any CPU.Build.0 = Release|Any CPU
		{7070655B-291B-4AFD-8F87-F3635B013C86}.Debug|Any CPU.ActiveCfg = Debug|Any CPU
		{7070655B-291B-4AFD-8F87-F3635B013C86}.Debug|Any CPU.Build.0 = Debug|Any CPU
		{7070655B-291B-4AFD-8F87-F3635B013C86}.Release|Any CPU.ActiveCfg = Release|Any CPU
		{7070655B-291B-4AFD-8F87-F3635B013C86}.Release|Any CPU.Build.0 = Release|Any CPU
		{515FBBCB-4B32-4611-BAED-36CCA9121799}.Debug|Any CPU.ActiveCfg = Debug|Any CPU
		{515FBBCB-4B32-4611-BAED-36CCA9121799}.Debug|Any CPU.Build.0 = Debug|Any CPU
		{515FBBCB-4B32-4611-BAED-36CCA9121799}.Release|Any CPU.ActiveCfg = Release|Any CPU
		{515FBBCB-4B32-4611-BAED-36CCA9121799}.Release|Any CPU.Build.0 = Release|Any CPU
	EndGlobalSection
	GlobalSection(SolutionProperties) = preSolution
		HideSolutionNode = FALSE
	EndGlobalSection
	GlobalSection(ExtensibilityGlobals) = postSolution
		SolutionGuid = {1A4A19D5-E664-4B79-A052-685F1A35EAF8}
	EndGlobalSection
EndGlobal
