
Microsoft Visual Studio Solution File, Format Version 12.00
# Visual Studio Version 17
VisualStudioVersion = 17.11.35327.3
MinimumVisualStudioVersion = 10.0.40219.1
Project("{9A19103F-16F7-4668-BE54-9A1E7A4F7556}") = "task1", "task1\task1.csproj", "{4E9058D4-95F3-4487-B90C-91938028CAA0}"
EndProject
Project("{FAE04EC0-301F-11D3-BF4B-00C04F79EFBC}") = "task2", "task2\task2.csproj", "{DB465041-43E4-477F-B5C4-E9299DBE8244}"
EndProject
Project("{FAE04EC0-301F-11D3-BF4B-00C04F79EFBC}") = "task3", "task3\task3.csproj", "{8A96A0B4-6BBE-41F8-805A-BD7ADFC0E76B}"
EndProject
Project("{FAE04EC0-301F-11D3-BF4B-00C04F79EFBC}") = "task4", "task4\task4.csproj", "{0893C436-FE17-4ADC-B162-7559633EE8E7}"
EndProject
Project("{FAE04EC0-301F-11D3-BF4B-00C04F79EFBC}") = "task5", "task5\task5.csproj", "{B18F7CEA-1748-4A53-8A03-1B2CA0BEE928}"
EndProject
Project("{FAE04EC0-301F-11D3-BF4B-00C04F79EFBC}") = "task6", "task6\task6.csproj", "{609CE85C-BFBD-4D0A-B01F-B35E19EAE1F3}"
EndProject
Project("{FAE04EC0-301F-11D3-BF4B-00C04F79EFBC}") = "task7", "task7\task7.csproj", "{D34B085E-8FF2-484B-80FE-B4C43966B766}"
EndProject
Project("{FAE04EC0-301F-11D3-BF4B-00C04F79EFBC}") = "task8", "task8\task8.csproj", "{77407CB0-D916-4517-A7AA-57A3867087E4}"
EndProject
Global
	GlobalSection(SolutionConfigurationPlatforms) = preSolution
		Debug|Any CPU = Debug|Any CPU
		Release|Any CPU = Release|Any CPU
	EndGlobalSection
	GlobalSection(ProjectConfigurationPlatforms) = postSolution
		{4E9058D4-95F3-4487-B90C-91938028CAA0}.Debug|Any CPU.ActiveCfg = Debug|Any CPU
		{4E9058D4-95F3-4487-B90C-91938028CAA0}.Debug|Any CPU.Build.0 = Debug|Any CPU
		{4E9058D4-95F3-4487-B90C-91938028CAA0}.Release|Any CPU.ActiveCfg = Release|Any CPU
		{4E9058D4-95F3-4487-B90C-91938028CAA0}.Release|Any CPU.Build.0 = Release|Any CPU
		{DB465041-43E4-477F-B5C4-E9299DBE8244}.Debug|Any CPU.ActiveCfg = Debug|Any CPU
		{DB465041-43E4-477F-B5C4-E9299DBE8244}.Debug|Any CPU.Build.0 = Debug|Any CPU
		{DB465041-43E4-477F-B5C4-E9299DBE8244}.Release|Any CPU.ActiveCfg = Release|Any CPU
		{DB465041-43E4-477F-B5C4-E9299DBE8244}.Release|Any CPU.Build.0 = Release|Any CPU
		{8A96A0B4-6BBE-41F8-805A-BD7ADFC0E76B}.Debug|Any CPU.ActiveCfg = Debug|Any CPU
		{8A96A0B4-6BBE-41F8-805A-BD7ADFC0E76B}.Debug|Any CPU.Build.0 = Debug|Any CPU
		{8A96A0B4-6BBE-41F8-805A-BD7ADFC0E76B}.Release|Any CPU.ActiveCfg = Release|Any CPU
		{8A96A0B4-6BBE-41F8-805A-BD7ADFC0E76B}.Release|Any CPU.Build.0 = Release|Any CPU
		{0893C436-FE17-4ADC-B162-7559633EE8E7}.Debug|Any CPU.ActiveCfg = Debug|Any CPU
		{0893C436-FE17-4ADC-B162-7559633EE8E7}.Debug|Any CPU.Build.0 = Debug|Any CPU
		{0893C436-FE17-4ADC-B162-7559633EE8E7}.Release|Any CPU.ActiveCfg = Release|Any CPU
		{0893C436-FE17-4ADC-B162-7559633EE8E7}.Release|Any CPU.Build.0 = Release|Any CPU
		{B18F7CEA-1748-4A53-8A03-1B2CA0BEE928}.Debug|Any CPU.ActiveCfg = Debug|Any CPU
		{B18F7CEA-1748-4A53-8A03-1B2CA0BEE928}.Debug|Any CPU.Build.0 = Debug|Any CPU
		{B18F7CEA-1748-4A53-8A03-1B2CA0BEE928}.Release|Any CPU.ActiveCfg = Release|Any CPU
		{B18F7CEA-1748-4A53-8A03-1B2CA0BEE928}.Release|Any CPU.Build.0 = Release|Any CPU
		{609CE85C-BFBD-4D0A-B01F-B35E19EAE1F3}.Debug|Any CPU.ActiveCfg = Debug|Any CPU
		{609CE85C-BFBD-4D0A-B01F-B35E19EAE1F3}.Debug|Any CPU.Build.0 = Debug|Any CPU
		{609CE85C-BFBD-4D0A-B01F-B35E19EAE1F3}.Release|Any CPU.ActiveCfg = Release|Any CPU
		{609CE85C-BFBD-4D0A-B01F-B35E19EAE1F3}.Release|Any CPU.Build.0 = Release|Any CPU
		{D34B085E-8FF2-484B-80FE-B4C43966B766}.Debug|Any CPU.ActiveCfg = Debug|Any CPU
		{D34B085E-8FF2-484B-80FE-B4C43966B766}.Debug|Any CPU.Build.0 = Debug|Any CPU
		{D34B085E-8FF2-484B-80FE-B4C43966B766}.Release|Any CPU.ActiveCfg = Release|Any CPU
		{D34B085E-8FF2-484B-80FE-B4C43966B766}.Release|Any CPU.Build.0 = Release|Any CPU
		{77407CB0-D916-4517-A7AA-57A3867087E4}.Debug|Any CPU.ActiveCfg = Debug|Any CPU
		{77407CB0-D916-4517-A7AA-57A3867087E4}.Debug|Any CPU.Build.0 = Debug|Any CPU
		{77407CB0-D916-4517-A7AA-57A3867087E4}.Release|Any CPU.ActiveCfg = Release|Any CPU
		{77407CB0-D916-4517-A7AA-57A3867087E4}.Release|Any CPU.Build.0 = Release|Any CPU
	EndGlobalSection
	GlobalSection(SolutionProperties) = preSolution
		HideSolutionNode = FALSE
	EndGlobalSection
	GlobalSection(ExtensibilityGlobals) = postSolution
		SolutionGuid = {A8EFC1E1-6866-4755-810E-85F5D80753B9}
	EndGlobalSection
EndGlobal
