
Microsoft Visual Studio Solution File, Format Version 12.00
# Visual Studio Version 17
VisualStudioVersion = 17.11.35327.3
MinimumVisualStudioVersion = 10.0.40219.1
Project("{FAE04EC0-301F-11D3-BF4B-00C04F79EFBC}") = "task1", "task1\task1.csproj", "{DE9D2F7B-1AC1-4358-AE90-0B3153729AC8}"
EndProject
Project("{FAE04EC0-301F-11D3-BF4B-00C04F79EFBC}") = "task2", "task2\task2.csproj", "{F7DA2D80-DB26-4196-AA50-39CC831CEEA1}"
EndProject
Project("{FAE04EC0-301F-11D3-BF4B-00C04F79EFBC}") = "task3", "task3\task3.csproj", "{12624F0B-36F0-42C0-A6BA-5CE81FC771A0}"
EndProject
Global
	GlobalSection(SolutionConfigurationPlatforms) = preSolution
		Debug|Any CPU = Debug|Any CPU
		Release|Any CPU = Release|Any CPU
	EndGlobalSection
	GlobalSection(ProjectConfigurationPlatforms) = postSolution
		{DE9D2F7B-1AC1-4358-AE90-0B3153729AC8}.Debug|Any CPU.ActiveCfg = Debug|Any CPU
		{DE9D2F7B-1AC1-4358-AE90-0B3153729AC8}.Debug|Any CPU.Build.0 = Debug|Any CPU
		{DE9D2F7B-1AC1-4358-AE90-0B3153729AC8}.Release|Any CPU.ActiveCfg = Release|Any CPU
		{DE9D2F7B-1AC1-4358-AE90-0B3153729AC8}.Release|Any CPU.Build.0 = Release|Any CPU
		{F7DA2D80-DB26-4196-AA50-39CC831CEEA1}.Debug|Any CPU.ActiveCfg = Debug|Any CPU
		{F7DA2D80-DB26-4196-AA50-39CC831CEEA1}.Debug|Any CPU.Build.0 = Debug|Any CPU
		{F7DA2D80-DB26-4196-AA50-39CC831CEEA1}.Release|Any CPU.ActiveCfg = Release|Any CPU
		{F7DA2D80-DB26-4196-AA50-39CC831CEEA1}.Release|Any CPU.Build.0 = Release|Any CPU
		{12624F0B-36F0-42C0-A6BA-5CE81FC771A0}.Debug|Any CPU.ActiveCfg = Debug|Any CPU
		{12624F0B-36F0-42C0-A6BA-5CE81FC771A0}.Debug|Any CPU.Build.0 = Debug|Any CPU
		{12624F0B-36F0-42C0-A6BA-5CE81FC771A0}.Release|Any CPU.ActiveCfg = Release|Any CPU
		{12624F0B-36F0-42C0-A6BA-5CE81FC771A0}.Release|Any CPU.Build.0 = Release|Any CPU
	EndGlobalSection
	GlobalSection(SolutionProperties) = preSolution
		HideSolutionNode = FALSE
	EndGlobalSection
	GlobalSection(ExtensibilityGlobals) = postSolution
		SolutionGuid = {F60E1A04-4273-46C2-81FD-3ACE3F7E4E38}
	EndGlobalSection
EndGlobal
