
Microsoft Visual Studio Solution File, Format Version 12.00
# Visual Studio Version 17
VisualStudioVersion = 17.11.35327.3
MinimumVisualStudioVersion = 10.0.40219.1
Project("{FAE04EC0-301F-11D3-BF4B-00C04F79EFBC}") = "task1", "task1\task1.csproj", "{C20EAF21-3A06-46A8-9811-993DA19EC7E9}"
EndProject
Project("{FAE04EC0-301F-11D3-BF4B-00C04F79EFBC}") = "task2", "task2\task2.csproj", "{89A01B97-BD3B-47ED-AEC0-DAFAEB5A832C}"
EndProject
Global
	GlobalSection(SolutionConfigurationPlatforms) = preSolution
		Debug|Any CPU = Debug|Any CPU
		Release|Any CPU = Release|Any CPU
	EndGlobalSection
	GlobalSection(ProjectConfigurationPlatforms) = postSolution
		{C20EAF21-3A06-46A8-9811-993DA19EC7E9}.Debug|Any CPU.ActiveCfg = Debug|Any CPU
		{C20EAF21-3A06-46A8-9811-993DA19EC7E9}.Debug|Any CPU.Build.0 = Debug|Any CPU
		{C20EAF21-3A06-46A8-9811-993DA19EC7E9}.Release|Any CPU.ActiveCfg = Release|Any CPU
		{C20EAF21-3A06-46A8-9811-993DA19EC7E9}.Release|Any CPU.Build.0 = Release|Any CPU
		{89A01B97-BD3B-47ED-AEC0-DAFAEB5A832C}.Debug|Any CPU.ActiveCfg = Debug|Any CPU
		{89A01B97-BD3B-47ED-AEC0-DAFAEB5A832C}.Debug|Any CPU.Build.0 = Debug|Any CPU
		{89A01B97-BD3B-47ED-AEC0-DAFAEB5A832C}.Release|Any CPU.ActiveCfg = Release|Any CPU
		{89A01B97-BD3B-47ED-AEC0-DAFAEB5A832C}.Release|Any CPU.Build.0 = Release|Any CPU
	EndGlobalSection
	GlobalSection(SolutionProperties) = preSolution
		HideSolutionNode = FALSE
	EndGlobalSection
	GlobalSection(ExtensibilityGlobals) = postSolution
		SolutionGuid = {CCC1126A-F65D-4175-BB8F-48AC3E20144B}
	EndGlobalSection
EndGlobal
